
Microsoft Visual Studio Solution File, Format Version 12.00
# Visual Studio Version 17
VisualStudioVersion = 17.13.35806.99 d17.13
MinimumVisualStudioVersion = 10.0.40219.1
Project("{FAE04EC0-301F-11D3-BF4B-00C04F79EFBC}") = "KrediHesaplama", "KrediHesaplama\KrediHesaplama.csproj", "{43D2A8C6-7C4D-4C4B-908D-F0F3668A5A5F}"
EndProject
Global
	GlobalSection(SolutionConfigurationPlatforms) = preSolution
		Debug|Any CPU = Debug|Any CPU
		Release|Any CPU = Release|Any CPU
	EndGlobalSection
	GlobalSection(ProjectConfigurationPlatforms) = postSolution
		{43D2A8C6-7C4D-4C4B-908D-F0F3668A5A5F}.Debug|Any CPU.ActiveCfg = Debug|Any CPU
		{43D2A8C6-7C4D-4C4B-908D-F0F3668A5A5F}.Debug|Any CPU.Build.0 = Debug|Any CPU
		{43D2A8C6-7C4D-4C4B-908D-F0F3668A5A5F}.Release|Any CPU.ActiveCfg = Release|Any CPU
		{43D2A8C6-7C4D-4C4B-908D-F0F3668A5A5F}.Release|Any CPU.Build.0 = Release|Any CPU
	EndGlobalSection
	GlobalSection(SolutionProperties) = preSolution
		HideSolutionNode = FALSE
	EndGlobalSection
	GlobalSection(ExtensibilityGlobals) = postSolution
		SolutionGuid = {AF8CF883-2A27-4F87-B281-506A41B23315}
	EndGlobalSection
EndGlobal
